// !$*UTF8*$!
{
	archiveVersion = 1;
	classes = {
	};
	objectVersion = 46;
	objects = {

/* Begin PBXBuildFile section */
		097063051B5A0043009A7A94 /* AppDelegate.swift in Sources */ = {isa = PBXBuildFile; fileRef = 097063041B5A0043009A7A94 /* AppDelegate.swift */; };
		097063071B5A0043009A7A94 /* ViewController.swift in Sources */ = {isa = PBXBuildFile; fileRef = 097063061B5A0043009A7A94 /* ViewController.swift */; };
		0970630A1B5A0043009A7A94 /* Main.storyboard in Resources */ = {isa = PBXBuildFile; fileRef = 097063081B5A0043009A7A94 /* Main.storyboard */; };
		0970630C1B5A0043009A7A94 /* Images.xcassets in Resources */ = {isa = PBXBuildFile; fileRef = 0970630B1B5A0043009A7A94 /* Images.xcassets */; };
		0970630F1B5A0043009A7A94 /* LaunchScreen.xib in Resources */ = {isa = PBXBuildFile; fileRef = 0970630D1B5A0043009A7A94 /* LaunchScreen.xib */; };
		0970631B1B5A0043009A7A94 /* Conversion_Mock_3Tests.swift in Sources */ = {isa = PBXBuildFile; fileRef = 0970631A1B5A0043009A7A94 /* Conversion_Mock_3Tests.swift */; };
		097063251B5B1657009A7A94 /* images.jpg in Resources */ = {isa = PBXBuildFile; fileRef = 097063241B5B1657009A7A94 /* images.jpg */; };
		097063271B5B1A1D009A7A94 /* Dog.jpg in Resources */ = {isa = PBXBuildFile; fileRef = 097063261B5B1A1D009A7A94 /* Dog.jpg */; };
/* End PBXBuildFile section */

/* Begin PBXContainerItemProxy section */
		097063151B5A0043009A7A94 /* PBXContainerItemProxy */ = {
			isa = PBXContainerItemProxy;
			containerPortal = 097062F71B5A0043009A7A94 /* Project object */;
			proxyType = 1;
			remoteGlobalIDString = 097062FE1B5A0043009A7A94;
			remoteInfo = "Conversion Mock 3";
		};
/* End PBXContainerItemProxy section */

/* Begin PBXFileReference section */
		097062FF1B5A0043009A7A94 /* Conversion Mock 3.app */ = {isa = PBXFileReference; explicitFileType = wrapper.application; includeInIndex = 0; path = "Conversion Mock 3.app"; sourceTree = BUILT_PRODUCTS_DIR; };
		097063031B5A0043009A7A94 /* Info.plist */ = {isa = PBXFileReference; lastKnownFileType = text.plist.xml; path = Info.plist; sourceTree = "<group>"; };
		097063041B5A0043009A7A94 /* AppDelegate.swift */ = {isa = PBXFileReference; lastKnownFileType = sourcecode.swift; path = AppDelegate.swift; sourceTree = "<group>"; };
		097063061B5A0043009A7A94 /* ViewController.swift */ = {isa = PBXFileReference; lastKnownFileType = sourcecode.swift; path = ViewController.swift; sourceTree = "<group>"; };
		097063091B5A0043009A7A94 /* Base */ = {isa = PBXFileReference; lastKnownFileType = file.storyboard; name = Base; path = Base.lproj/Main.storyboard; sourceTree = "<group>"; };
		0970630B1B5A0043009A7A94 /* Images.xcassets */ = {isa = PBXFileReference; lastKnownFileType = folder.assetcatalog; path = Images.xcassets; sourceTree = "<group>"; };
		0970630E1B5A0043009A7A94 /* Base */ = {isa = PBXFileReference; lastKnownFileType = file.xib; name = Base; path = Base.lproj/LaunchScreen.xib; sourceTree = "<group>"; };
		097063141B5A0043009A7A94 /* Conversion Mock 3Tests.xctest */ = {isa = PBXFileReference; explicitFileType = wrapper.cfbundle; includeInIndex = 0; path = "Conversion Mock 3Tests.xctest"; sourceTree = BUILT_PRODUCTS_DIR; };
		097063191B5A0043009A7A94 /* Info.plist */ = {isa = PBXFileReference; lastKnownFileType = text.plist.xml; path = Info.plist; sourceTree = "<group>"; };
		0970631A1B5A0043009A7A94 /* Conversion_Mock_3Tests.swift */ = {isa = PBXFileReference; lastKnownFileType = sourcecode.swift; path = Conversion_Mock_3Tests.swift; sourceTree = "<group>"; };
		097063241B5B1657009A7A94 /* images.jpg */ = {isa = PBXFileReference; lastKnownFileType = image.jpeg; path = images.jpg; sourceTree = "<group>"; };
		097063261B5B1A1D009A7A94 /* Dog.jpg */ = {isa = PBXFileReference; lastKnownFileType = image.jpeg; path = Dog.jpg; sourceTree = "<group>"; };
/* End PBXFileReference section */

/* Begin PBXFrameworksBuildPhase section */
		097062FC1B5A0043009A7A94 /* Frameworks */ = {
			isa = PBXFrameworksBuildPhase;
			buildActionMask = 2147483647;
			files = (
			);
			runOnlyForDeploymentPostprocessing = 0;
		};
		097063111B5A0043009A7A94 /* Frameworks */ = {
			isa = PBXFrameworksBuildPhase;
			buildActionMask = 2147483647;
			files = (
			);
			runOnlyForDeploymentPostprocessing = 0;
		};
/* End PBXFrameworksBuildPhase section */

/* Begin PBXGroup section */
		097062F61B5A0043009A7A94 = {
			isa = PBXGroup;
			children = (
				097063011B5A0043009A7A94 /* Conversion Mock 3 */,
				097063171B5A0043009A7A94 /* Conversion Mock 3Tests */,
				097063001B5A0043009A7A94 /* Products */,
			);
			sourceTree = "<group>";
		};
		097063001B5A0043009A7A94 /* Products */ = {
			isa = PBXGroup;
			children = (
				097062FF1B5A0043009A7A94 /* Conversion Mock 3.app */,
				097063141B5A0043009A7A94 /* Conversion Mock 3Tests.xctest */,
			);
			name = Products;
			sourceTree = "<group>";
		};
		097063011B5A0043009A7A94 /* Conversion Mock 3 */ = {
			isa = PBXGroup;
			children = (
				097063041B5A0043009A7A94 /* AppDelegate.swift */,
				097063061B5A0043009A7A94 /* ViewController.swift */,
				097063081B5A0043009A7A94 /* Main.storyboard */,
				0970630B1B5A0043009A7A94 /* Images.xcassets */,
				0970630D1B5A0043009A7A94 /* LaunchScreen.xib */,
				097063021B5A0043009A7A94 /* Supporting Files */,
			);
			path = "Conversion Mock 3";
			sourceTree = "<group>";
		};
		097063021B5A0043009A7A94 /* Supporting Files */ = {
			isa = PBXGroup;
			children = (
				097063261B5B1A1D009A7A94 /* Dog.jpg */,
				097063241B5B1657009A7A94 /* images.jpg */,
				097063031B5A0043009A7A94 /* Info.plist */,
			);
			name = "Supporting Files";
			sourceTree = "<group>";
		};
		097063171B5A0043009A7A94 /* Conversion Mock 3Tests */ = {
			isa = PBXGroup;
			children = (
				0970631A1B5A0043009A7A94 /* Conversion_Mock_3Tests.swift */,
				097063181B5A0043009A7A94 /* Supporting Files */,
			);
			path = "Conversion Mock 3Tests";
			sourceTree = "<group>";
		};
		097063181B5A0043009A7A94 /* Supporting Files */ = {
			isa = PBXGroup;
			children = (
				097063191B5A0043009A7A94 /* Info.plist */,
			);
			name = "Supporting Files";
			sourceTree = "<group>";
		};
/* End PBXGroup section */

/* Begin PBXNativeTarget section */
		097062FE1B5A0043009A7A94 /* Conversion Mock 3 */ = {
			isa = PBXNativeTarget;
			buildConfigurationList = 0970631E1B5A0043009A7A94 /* Build configuration list for PBXNativeTarget "Conversion Mock 3" */;
			buildPhases = (
				097062FB1B5A0043009A7A94 /* Sources */,
				097062FC1B5A0043009A7A94 /* Frameworks */,
				097062FD1B5A0043009A7A94 /* Resources */,
			);
			buildRules = (
			);
			dependencies = (
			);
			name = "Conversion Mock 3";
			productName = "Conversion Mock 3";
			productReference = 097062FF1B5A0043009A7A94 /* Conversion Mock 3.app */;
			productType = "com.apple.product-type.application";
		};
		097063131B5A0043009A7A94 /* Conversion Mock 3Tests */ = {
			isa = PBXNativeTarget;
			buildConfigurationList = 097063211B5A0043009A7A94 /* Build configuration list for PBXNativeTarget "Conversion Mock 3Tests" */;
			buildPhases = (
				097063101B5A0043009A7A94 /* Sources */,
				097063111B5A0043009A7A94 /* Frameworks */,
				097063121B5A0043009A7A94 /* Resources */,
			);
			buildRules = (
			);
			dependencies = (
				097063161B5A0043009A7A94 /* PBXTargetDependency */,
			);
			name = "Conversion Mock 3Tests";
			productName = "Conversion Mock 3Tests";
			productReference = 097063141B5A0043009A7A94 /* Conversion Mock 3Tests.xctest */;
			productType = "com.apple.product-type.bundle.unit-test";
		};
/* End PBXNativeTarget section */

/* Begin PBXProject section */
		097062F71B5A0043009A7A94 /* Project object */ = {
			isa = PBXProject;
			attributes = {
				LastUpgradeCheck = 0640;
				ORGANIZATIONNAME = "Parker Brown";
				TargetAttributes = {
					097062FE1B5A0043009A7A94 = {
						CreatedOnToolsVersion = 6.4;
					};
					097063131B5A0043009A7A94 = {
						CreatedOnToolsVersion = 6.4;
						TestTargetID = 097062FE1B5A0043009A7A94;
					};
				};
			};
			buildConfigurationList = 097062FA1B5A0043009A7A94 /* Build configuration list for PBXProject "Conversion Mock 3" */;
			compatibilityVersion = "Xcode 3.2";
			developmentRegion = English;
			hasScannedForEncodings = 0;
			knownRegions = (
				en,
				Base,
			);
			mainGroup = 097062F61B5A0043009A7A94;
			productRefGroup = 097063001B5A0043009A7A94 /* Products */;
			projectDirPath = "";
			projectRoot = "";
			targets = (
				097062FE1B5A0043009A7A94 /* Conversion Mock 3 */,
				097063131B5A0043009A7A94 /* Conversion Mock 3Tests */,
			);
		};
/* End PBXProject section */

/* Begin PBXResourcesBuildPhase section */
		097062FD1B5A0043009A7A94 /* Resources */ = {
			isa = PBXResourcesBuildPhase;
			buildActionMask = 2147483647;
			files = (
				0970630A1B5A0043009A7A94 /* Main.storyboard in Resources */,
				0970630F1B5A0043009A7A94 /* LaunchScreen.xib in Resources */,
				0970630C1B5A0043009A7A94 /* Images.xcassets in Resources */,
				097063251B5B1657009A7A94 /* images.jpg in Resources */,
				097063271B5B1A1D009A7A94 /* Dog.jpg in Resources */,
			);
			runOnlyForDeploymentPostprocessing = 0;
		};
		097063121B5A0043009A7A94 /* Resources */ = {
			isa = PBXResourcesBuildPhase;
			buildActionMask = 2147483647;
			files = (
			);
			runOnlyForDeploymentPostprocessing = 0;
		};
/* End PBXResourcesBuildPhase section */

/* Begin PBXSourcesBuildPhase section */
		097062FB1B5A0043009A7A94 /* Sources */ = {
			isa = PBXSourcesBuildPhase;
			buildActionMask = 2147483647;
			files = (
				097063071B5A0043009A7A94 /* ViewController.swift in Sources */,
				097063051B5A0043009A7A94 /* AppDelegate.swift in Sources */,
			);
			runOnlyForDeploymentPostprocessing = 0;
		};
		097063101B5A0043009A7A94 /* Sources */ = {
			isa = PBXSourcesBuildPhase;
			buildActionMask = 2147483647;
			files = (
				0970631B1B5A0043009A7A94 /* Conversion_Mock_3Tests.swift in Sources */,
			);
			runOnlyForDeploymentPostprocessing = 0;
		};
/* End PBXSourcesBuildPhase section */

/* Begin PBXTargetDependency section */
		097063161B5A0043009A7A94 /* PBXTargetDependency */ = {
			isa = PBXTargetDependency;
			target = 097062FE1B5A0043009A7A94 /* Conversion Mock 3 */;
			targetProxy = 097063151B5A0043009A7A94 /* PBXContainerItemProxy */;
		};
/* End PBXTargetDependency section */

/* Begin PBXVariantGroup section */
		097063081B5A0043009A7A94 /* Main.storyboard */ = {
			isa = PBXVariantGroup;
			children = (
				097063091B5A0043009A7A94 /* Base */,
			);
			name = Main.storyboard;
			sourceTree = "<group>";
		};
		0970630D1B5A0043009A7A94 /* LaunchScreen.xib */ = {
			isa = PBXVariantGroup;
			children = (
				0970630E1B5A0043009A7A94 /* Base */,
			);
			name = LaunchScreen.xib;
			sourceTree = "<group>";
		};
/* End PBXVariantGroup section */

/* Begin XCBuildConfiguration section */
		0970631C1B5A0043009A7A94 /* Debug */ = {
			isa = XCBuildConfiguration;
			buildSettings = {
				ALWAYS_SEARCH_USER_PATHS = NO;
				CLANG_CXX_LANGUAGE_STANDARD = "gnu++0x";
				CLANG_CXX_LIBRARY = "libc++";
				CLANG_ENABLE_MODULES = YES;
				CLANG_ENABLE_OBJC_ARC = YES;
				CLANG_WARN_BOOL_CONVERSION = YES;
				CLANG_WARN_CONSTANT_CONVERSION = YES;
				CLANG_WARN_DIRECT_OBJC_ISA_USAGE = YES_ERROR;
				CLANG_WARN_EMPTY_BODY = YES;
				CLANG_WARN_ENUM_CONVERSION = YES;
				CLANG_WARN_INT_CONVERSION = YES;
				CLANG_WARN_OBJC_ROOT_CLASS = YES_ERROR;
				CLANG_WARN_UNREACHABLE_CODE = YES;
				CLANG_WARN__DUPLICATE_METHOD_MATCH = YES;
				"CODE_SIGN_IDENTITY[sdk=iphoneos*]" = "iPhone Developer";
				COPY_PHASE_STRIP = NO;
				DEBUG_INFORMATION_FORMAT = "dwarf-with-dsym";
				ENABLE_STRICT_OBJC_MSGSEND = YES;
				GCC_C_LANGUAGE_STANDARD = gnu99;
				GCC_DYNAMIC_NO_PIC = NO;
				GCC_NO_COMMON_BLOCKS = YES;
				GCC_OPTIMIZATION_LEVEL = 0;
				GCC_PREPROCESSOR_DEFINITIONS = (
					"DEBUG=1",
					"$(inherited)",
				);
				GCC_SYMBOLS_PRIVATE_EXTERN = NO;
				GCC_WARN_64_TO_32_BIT_CONVERSION = YES;
				GCC_WARN_ABOUT_RETURN_TYPE = YES_ERROR;
				GCC_WARN_UNDECLARED_SELECTOR = YES;
				GCC_WARN_UNINITIALIZED_AUTOS = YES_AGGRESSIVE;
				GCC_WARN_UNUSED_FUNCTION = YES;
				GCC_WARN_UNUSED_VARIABLE = YES;
				IPHONEOS_DEPLOYMENT_TARGET = 8.4;
				MTL_ENABLE_DEBUG_INFO = YES;
				ONLY_ACTIVE_ARCH = YES;
				SDKROOT = iphoneos;
				SWIFT_OPTIMIZATION_LEVEL = "-Onone";
				TARGETED_DEVICE_FAMILY = "1,2";
			};
			name = Debug;
		};
		0970631D1B5A0043009A7A94 /* Release */ = {
			isa = XCBuildConfiguration;
			buildSettings = {
				ALWAYS_SEARCH_USER_PATHS = NO;
				CLANG_CXX_LANGUAGE_STANDARD = "gnu++0x";
				CLANG_CXX_LIBRARY = "libc++";
				CLANG_ENABLE_MODULES = YES;
				CLANG_ENABLE_OBJC_ARC = YES;
				CLANG_WARN_BOOL_CONVERSION = YES;
				CLANG_WARN_CONSTANT_CONVERSION = YES;
				CLANG_WARN_DIRECT_OBJC_ISA_USAGE = YES_ERROR;
				CLANG_WARN_EMPTY_BODY = YES;
				CLANG_WARN_ENUM_CONVERSION = YES;
				CLANG_WARN_INT_CONVERSION = YES;
				CLANG_WARN_OBJC_ROOT_CLASS = YES_ERROR;
				CLANG_WARN_UNREACHABLE_CODE = YES;
				CLANG_WARN__DUPLICATE_METHOD_MATCH = YES;
				"CODE_SIGN_IDENTITY[sdk=iphoneos*]" = "iPhone Developer";
				COPY_PHASE_STRIP = NO;
				DEBUG_INFORMATION_FORMAT = "dwarf-with-dsym";
				ENABLE_NS_ASSERTIONS = NO;
				ENABLE_STRICT_OBJC_MSGSEND = YES;
				GCC_C_LANGUAGE_STANDARD = gnu99;
				GCC_NO_COMMON_BLOCKS = YES;
				GCC_WARN_64_TO_32_BIT_CONVERSION = YES;
				GCC_WARN_ABOUT_RETURN_TYPE = YES_ERROR;
				GCC_WARN_UNDECLARED_SELECTOR = YES;
				GCC_WARN_UNINITIALIZED_AUTOS = YES_AGGRESSIVE;
				GCC_WARN_UNUSED_FUNCTION = YES;
				GCC_WARN_UNUSED_VARIABLE = YES;
				IPHONEOS_DEPLOYMENT_TARGET = 8.4;
				MTL_ENABLE_DEBUG_INFO = NO;
				SDKROOT = iphoneos;
				TARGETED_DEVICE_FAMILY = "1,2";
				VALIDATE_PRODUCT = YES;
			};
			name = Release;
		};
		0970631F1B5A0043009A7A94 /* Debug */ = {
			isa = XCBuildConfiguration;
			buildSettings = {
				ASSETCATALOG_COMPILER_APPICON_NAME = AppIcon;
				INFOPLIST_FILE = "Conversion Mock 3/Info.plist";
				LD_RUNPATH_SEARCH_PATHS = "$(inherited) @executable_path/Frameworks";
				PRODUCT_NAME = "$(TARGET_NAME)";
			};
			name = Debug;
		};
		097063201B5A0043009A7A94 /* Release */ = {
			isa = XCBuildConfiguration;
			buildSettings = {
				ASSETCATALOG_COMPILER_APPICON_NAME = AppIcon;
				INFOPLIST_FILE = "Conversion Mock 3/Info.plist";
				LD_RUNPATH_SEARCH_PATHS = "$(inherited) @executable_path/Frameworks";
				PRODUCT_NAME = "$(TARGET_NAME)";
			};
			name = Release;
		};
		097063221B5A0043009A7A94 /* Debug */ = {
			isa = XCBuildConfiguration;
			buildSettings = {
				BUNDLE_LOADER = "$(TEST_HOST)";
				FRAMEWORK_SEARCH_PATHS = (
					"$(SDKROOT)/Developer/Library/Frameworks",
					"$(inherited)",
				);
				GCC_PREPROCESSOR_DEFINITIONS = (
					"DEBUG=1",
					"$(inherited)",
				);
				INFOPLIST_FILE = "Conversion Mock 3Tests/Info.plist";
				LD_RUNPATH_SEARCH_PATHS = "$(inherited) @executable_path/Frameworks @loader_path/Frameworks";
				PRODUCT_NAME = "$(TARGET_NAME)";
				TEST_HOST = "$(BUILT_PRODUCTS_DIR)/Conversion Mock 3.app/Conversion Mock 3";
			};
			name = Debug;
		};
		097063231B5A0043009A7A94 /* Release */ = {
			isa = XCBuildConfiguration;
			buildSettings = {
				BUNDLE_LOADER = "$(TEST_HOST)";
				FRAMEWORK_SEARCH_PATHS = (
					"$(SDKROOT)/Developer/Library/Frameworks",
					"$(inherited)",
				);
				INFOPLIST_FILE = "Conversion Mock 3Tests/Info.plist";
				LD_RUNPATH_SEARCH_PATHS = "$(inherited) @executable_path/Frameworks @loader_path/Frameworks";
				PRODUCT_NAME = "$(TARGET_NAME)";
				TEST_HOST = "$(BUILT_PRODUCTS_DIR)/Conversion Mock 3.app/Conversion Mock 3";
			};
			name = Release;
		};
/* End XCBuildConfiguration section */

/* Begin XCConfigurationList section */
		097062FA1B5A0043009A7A94 /* Build configuration list for PBXProject "Conversion Mock 3" */ = {
			isa = XCConfigurationList;
			buildConfigurations = (
				0970631C1B5A0043009A7A94 /* Debug */,
				0970631D1B5A0043009A7A94 /* Release */,
			);
			defaultConfigurationIsVisible = 0;
			defaultConfigurationName = Release;
		};
		0970631E1B5A0043009A7A94 /* Build configuration list for PBXNativeTarget "Conversion Mock 3" */ = {
			isa = XCConfigurationList;
			buildConfigurations = (
				0970631F1B5A0043009A7A94 /* Debug */,
				097063201B5A0043009A7A94 /* Release */,
			);
			defaultConfigurationIsVisible = 0;
		};
		097063211B5A0043009A7A94 /* Build configuration list for PBXNativeTarget "Conversion Mock 3Tests" */ = {
			isa = XCConfigurationList;
			buildConfigurations = (
				097063221B5A0043009A7A94 /* Debug */,
				097063231B5A0043009A7A94 /* Release */,
			);
			defaultConfigurationIsVisible = 0;
		};
/* End XCConfigurationList section */
	};
	rootObject = 097062F71B5A0043009A7A94 /* Project object */;
}
